Microsoft Visual Studio Solution File, Format Version 11.00
# Visual Studio 2008

Project("{B5DBB3DF-CCC2-0804-7F6E-65E5F32BE65D}") = "PlynieSobieLodka", "Assembly-CSharp.csproj", "{3830B1CE-0804-579D-B3EE-0B519B3B306B}"
EndProject
Global
	GlobalSection(SolutionConfigurationPlatforms) = preSolution
		Debug|Any CPU = Debug|Any CPU
		Release|Any CPU = Release|Any CPU
	EndGlobalSection
	GlobalSection(ProjectConfigurationPlatforms) = postSolution
		{3830B1CE-0804-579D-B3EE-0B519B3B306B}.Debug|Any CPU.ActiveCfg = Debug|Any CPU
		{3830B1CE-0804-579D-B3EE-0B519B3B306B}.Debug|Any CPU.Build.0 = Debug|Any CPU
		{3830B1CE-0804-579D-B3EE-0B519B3B306B}.Release|Any CPU.ActiveCfg = Release|Any CPU
		{3830B1CE-0804-579D-B3EE-0B519B3B306B}.Release|Any CPU.Build.0 = Release|Any CPU
	EndGlobalSection
	GlobalSection(SolutionProperties) = preSolution
		HideSolutionNode = FALSE
	EndGlobalSection
	GlobalSection(MonoDevelopProperties) = preSolution
		StartupItem = Assembly-CSharp.csproj
	EndGlobalSection
EndGlobal
